
Microsoft Visual Studio Solution File, Format Version 12.00
# Visual Studio Version 17
VisualStudioVersion = 17.0.32002.185
MinimumVisualStudioVersion = 10.0.40219.1
Project("{9A19103F-16F7-4668-BE54-9A1E7A4F7556}") = "Karkas.Core.DataUtil", "Karkas.Core\Karkas.Core.DataUtil\Karkas.Core.DataUtil.csproj", "{70BE1E58-2D5E-4A47-AF62-30E90E5C978A}"
EndProject
Project("{9A19103F-16F7-4668-BE54-9A1E7A4F7556}") = "Karkas.CodeGeneration.Helpers", "Karkas.CodeGeneration\Karkas.CodeGeneration.Helpers\Karkas.CodeGeneration.Helpers.csproj", "{650C3586-09DA-4E21-AD89-35A601C169CC}"
EndProject
Project("{9A19103F-16F7-4668-BE54-9A1E7A4F7556}") = "Karkas.CodeGeneration.Oracle", "Karkas.CodeGeneration\Karkas.CodeGeneration.Oracle\Karkas.CodeGeneration.Oracle.csproj", "{06536AC1-DE7D-48C5-975C-57C296944F1D}"
EndProject
Project("{9A19103F-16F7-4668-BE54-9A1E7A4F7556}") = "Karkas.CodeGeneration.Sqlite", "Karkas.CodeGeneration\Karkas.CodeGeneration.Sqlite\Karkas.CodeGeneration.Sqlite.csproj", "{75E0329D-B2F7-4B9C-97F6-DEC9C8B78153}"
EndProject
Project("{9A19103F-16F7-4668-BE54-9A1E7A4F7556}") = "Karkas.CodeGeneration.WinApp", "Karkas.CodeGeneration\Karkas.CodeGeneration.WinApp\Karkas.CodeGeneration.WinApp.csproj", "{FE49CC0C-0CF6-43F9-8E81-438EEDD5EE4C}"
EndProject
Project("{9A19103F-16F7-4668-BE54-9A1E7A4F7556}") = "Karkas.CodeGeneration.SqlServer", "Karkas.CodeGeneration\Karkas.CodeGeneration.SqlServer\Karkas.CodeGeneration.SqlServer.csproj", "{F09A75E4-240F-4A17-961B-D6A4F3207989}"
EndProject
Project("{9A19103F-16F7-4668-BE54-9A1E7A4F7556}") = "Karkas.Core.Data.SqlServer", "Karkas.Core\Karkas.Core.Data.SqlServer\Karkas.Core.Data.SqlServer.csproj", "{CA0B5150-0823-4069-940F-2FFD922AFCC1}"
EndProject
Project("{2150E333-8FDC-42A3-9474-1A3956D46DE8}") = "CodeGeneration", "CodeGeneration", "{08303D61-1889-4CDE-AFBE-3C647476EF95}"
EndProject
Project("{2150E333-8FDC-42A3-9474-1A3956D46DE8}") = "Core", "Core", "{17DC9C2A-7DBA-4318-896E-5968F01F918F}"
EndProject
Project("{9A19103F-16F7-4668-BE54-9A1E7A4F7556}") = "Karkas.Core.Data.Oracle", "Karkas.Core\Karkas.Core.Data.Oracle\Karkas.Core.Data.Oracle.csproj", "{010F43FF-0D74-4921-B932-A9C238F40298}"
EndProject
Project("{9A19103F-16F7-4668-BE54-9A1E7A4F7556}") = "Karkas.Core.Data.Sqlite", "Karkas.Core\Karkas.Core.Data.Sqlite\Karkas.Core.Data.Sqlite.csproj", "{F6BAC9F3-614D-489E-ABE1-EFC13E46C18E}"
EndProject
Project("{9A19103F-16F7-4668-BE54-9A1E7A4F7556}") = "Karkas.CodeGeneration.ConsoleApp", "Karkas.CodeGeneration\Karkas.CodeGeneration.ConsoleApp\Karkas.CodeGeneration.ConsoleApp.csproj", "{5BF0804E-9341-4AF7-B09C-0C9DFAA2CA97}"
EndProject
Global
	GlobalSection(SolutionConfigurationPlatforms) = preSolution
		Debug|Any CPU = Debug|Any CPU
		Release|Any CPU = Release|Any CPU
	EndGlobalSection
	GlobalSection(ProjectConfigurationPlatforms) = postSolution
		{70BE1E58-2D5E-4A47-AF62-30E90E5C978A}.Debug|Any CPU.ActiveCfg = Debug|Any CPU
		{70BE1E58-2D5E-4A47-AF62-30E90E5C978A}.Debug|Any CPU.Build.0 = Debug|Any CPU
		{70BE1E58-2D5E-4A47-AF62-30E90E5C978A}.Release|Any CPU.ActiveCfg = Release|Any CPU
		{70BE1E58-2D5E-4A47-AF62-30E90E5C978A}.Release|Any CPU.Build.0 = Release|Any CPU
		{650C3586-09DA-4E21-AD89-35A601C169CC}.Debug|Any CPU.ActiveCfg = Debug|Any CPU
		{650C3586-09DA-4E21-AD89-35A601C169CC}.Debug|Any CPU.Build.0 = Debug|Any CPU
		{650C3586-09DA-4E21-AD89-35A601C169CC}.Release|Any CPU.ActiveCfg = Release|Any CPU
		{650C3586-09DA-4E21-AD89-35A601C169CC}.Release|Any CPU.Build.0 = Release|Any CPU
		{06536AC1-DE7D-48C5-975C-57C296944F1D}.Debug|Any CPU.ActiveCfg = Debug|Any CPU
		{06536AC1-DE7D-48C5-975C-57C296944F1D}.Debug|Any CPU.Build.0 = Debug|Any CPU
		{06536AC1-DE7D-48C5-975C-57C296944F1D}.Release|Any CPU.ActiveCfg = Release|Any CPU
		{06536AC1-DE7D-48C5-975C-57C296944F1D}.Release|Any CPU.Build.0 = Release|Any CPU
		{75E0329D-B2F7-4B9C-97F6-DEC9C8B78153}.Debug|Any CPU.ActiveCfg = Debug|Any CPU
		{75E0329D-B2F7-4B9C-97F6-DEC9C8B78153}.Debug|Any CPU.Build.0 = Debug|Any CPU
		{75E0329D-B2F7-4B9C-97F6-DEC9C8B78153}.Release|Any CPU.ActiveCfg = Release|Any CPU
		{75E0329D-B2F7-4B9C-97F6-DEC9C8B78153}.Release|Any CPU.Build.0 = Release|Any CPU
		{FE49CC0C-0CF6-43F9-8E81-438EEDD5EE4C}.Debug|Any CPU.ActiveCfg = Debug|Any CPU
		{FE49CC0C-0CF6-43F9-8E81-438EEDD5EE4C}.Debug|Any CPU.Build.0 = Debug|Any CPU
		{FE49CC0C-0CF6-43F9-8E81-438EEDD5EE4C}.Release|Any CPU.ActiveCfg = Release|Any CPU
		{FE49CC0C-0CF6-43F9-8E81-438EEDD5EE4C}.Release|Any CPU.Build.0 = Release|Any CPU
		{F09A75E4-240F-4A17-961B-D6A4F3207989}.Debug|Any CPU.ActiveCfg = Debug|Any CPU
		{F09A75E4-240F-4A17-961B-D6A4F3207989}.Debug|Any CPU.Build.0 = Debug|Any CPU
		{F09A75E4-240F-4A17-961B-D6A4F3207989}.Release|Any CPU.ActiveCfg = Release|Any CPU
		{F09A75E4-240F-4A17-961B-D6A4F3207989}.Release|Any CPU.Build.0 = Release|Any CPU
		{CA0B5150-0823-4069-940F-2FFD922AFCC1}.Debug|Any CPU.ActiveCfg = Debug|Any CPU
		{CA0B5150-0823-4069-940F-2FFD922AFCC1}.Debug|Any CPU.Build.0 = Debug|Any CPU
		{CA0B5150-0823-4069-940F-2FFD922AFCC1}.Release|Any CPU.ActiveCfg = Release|Any CPU
		{CA0B5150-0823-4069-940F-2FFD922AFCC1}.Release|Any CPU.Build.0 = Release|Any CPU
		{010F43FF-0D74-4921-B932-A9C238F40298}.Debug|Any CPU.ActiveCfg = Debug|Any CPU
		{010F43FF-0D74-4921-B932-A9C238F40298}.Debug|Any CPU.Build.0 = Debug|Any CPU
		{010F43FF-0D74-4921-B932-A9C238F40298}.Release|Any CPU.ActiveCfg = Release|Any CPU
		{010F43FF-0D74-4921-B932-A9C238F40298}.Release|Any CPU.Build.0 = Release|Any CPU
		{F6BAC9F3-614D-489E-ABE1-EFC13E46C18E}.Debug|Any CPU.ActiveCfg = Debug|Any CPU
		{F6BAC9F3-614D-489E-ABE1-EFC13E46C18E}.Debug|Any CPU.Build.0 = Debug|Any CPU
		{F6BAC9F3-614D-489E-ABE1-EFC13E46C18E}.Release|Any CPU.ActiveCfg = Release|Any CPU
		{F6BAC9F3-614D-489E-ABE1-EFC13E46C18E}.Release|Any CPU.Build.0 = Release|Any CPU
		{5BF0804E-9341-4AF7-B09C-0C9DFAA2CA97}.Debug|Any CPU.ActiveCfg = Debug|Any CPU
		{5BF0804E-9341-4AF7-B09C-0C9DFAA2CA97}.Debug|Any CPU.Build.0 = Debug|Any CPU
		{5BF0804E-9341-4AF7-B09C-0C9DFAA2CA97}.Release|Any CPU.ActiveCfg = Release|Any CPU
		{5BF0804E-9341-4AF7-B09C-0C9DFAA2CA97}.Release|Any CPU.Build.0 = Release|Any CPU
	EndGlobalSection
	GlobalSection(SolutionProperties) = preSolution
		HideSolutionNode = FALSE
	EndGlobalSection
	GlobalSection(NestedProjects) = preSolution
		{70BE1E58-2D5E-4A47-AF62-30E90E5C978A} = {17DC9C2A-7DBA-4318-896E-5968F01F918F}
		{650C3586-09DA-4E21-AD89-35A601C169CC} = {08303D61-1889-4CDE-AFBE-3C647476EF95}
		{06536AC1-DE7D-48C5-975C-57C296944F1D} = {08303D61-1889-4CDE-AFBE-3C647476EF95}
		{75E0329D-B2F7-4B9C-97F6-DEC9C8B78153} = {08303D61-1889-4CDE-AFBE-3C647476EF95}
		{FE49CC0C-0CF6-43F9-8E81-438EEDD5EE4C} = {08303D61-1889-4CDE-AFBE-3C647476EF95}
		{F09A75E4-240F-4A17-961B-D6A4F3207989} = {08303D61-1889-4CDE-AFBE-3C647476EF95}
		{CA0B5150-0823-4069-940F-2FFD922AFCC1} = {17DC9C2A-7DBA-4318-896E-5968F01F918F}
		{010F43FF-0D74-4921-B932-A9C238F40298} = {17DC9C2A-7DBA-4318-896E-5968F01F918F}
		{F6BAC9F3-614D-489E-ABE1-EFC13E46C18E} = {17DC9C2A-7DBA-4318-896E-5968F01F918F}
		{5BF0804E-9341-4AF7-B09C-0C9DFAA2CA97} = {08303D61-1889-4CDE-AFBE-3C647476EF95}
	EndGlobalSection
	GlobalSection(ExtensibilityGlobals) = postSolution
		SolutionGuid = {99AA2444-1453-4517-8FEB-F1B9350A401F}
	EndGlobalSection
EndGlobal
