
Microsoft Visual Studio Solution File, Format Version 12.00
# Visual Studio 2012
Project("{FAE04EC0-301F-11D3-BF4B-00C04F79EFBC}") = "Karkas.Core.DataUtil.2010", "Karkas.Core.DataUtil\Karkas.Core.DataUtil.2010.csproj", "{4451CDAC-F8E6-4AF8-AA4E-011A4792E915}"
EndProject
Project("{FAE04EC0-301F-11D3-BF4B-00C04F79EFBC}") = "Karkas.Core.Utility.2010", "Karkas.Core.Utility\Karkas.Core.Utility.2010.csproj", "{92A3FD0E-F64B-4F57-A69D-306874E7F2D8}"
EndProject
Project("{FAE04EC0-301F-11D3-BF4B-00C04F79EFBC}") = "Karkas.Core.DataUtil.TestConsoleApp.2010", "Karkas.Core.DataUtil.TestConsoleApp\Karkas.Core.DataUtil.TestConsoleApp.2010.csproj", "{080B5FFC-3533-4414-B5DC-EBC39ED8CCF8}"
EndProject
Project("{FAE04EC0-301F-11D3-BF4B-00C04F79EFBC}") = "Karkas.Web.Helpers.2010", "Karkas.Web.Helpers\Karkas.Web.Helpers.2010.csproj", "{0B5C1C9A-E030-48D2-BE24-2548F56DA4B6}"
EndProject
Project("{2150E333-8FDC-42A3-9474-1A3956D46DE8}") = "Web", "Web", "{A9C8DC35-6599-4276-B0C5-1C96023E9CBF}"
EndProject
Project("{2150E333-8FDC-42A3-9474-1A3956D46DE8}") = "Test", "Test", "{F75495F1-ED01-4C46-BF28-A4B951258A66}"
EndProject
Project("{FAE04EC0-301F-11D3-BF4B-00C04F79EFBC}") = "Karkas.Core.ExtensionsMethods", "Karkas.Core.ExtensionsMethods\Karkas.Core.ExtensionsMethods.csproj", "{DDD39496-34F1-4226-AB9D-16463710C25C}"
EndProject
Project("{FAE04EC0-301F-11D3-BF4B-00C04F79EFBC}") = "Karkas.ReportingServicesHelper", "Karkas.ReportingServicesHelper\Karkas.ReportingServicesHelper.csproj", "{436CFC68-2031-4780-9C32-673EBE55D617}"
EndProject
Project("{2150E333-8FDC-42A3-9474-1A3956D46DE8}") = ".nuget", ".nuget", "{2B02DEE6-D601-45A8-8DEA-75C1C1B2D576}"
	ProjectSection(SolutionItems) = preProject
		.nuget\packages.config = .nuget\packages.config
	EndProjectSection
EndProject
Project("{2150E333-8FDC-42A3-9474-1A3956D46DE8}") = "HelperUtilities", "HelperUtilities", "{B29F902E-A3C4-4C20-B325-70A97E219402}"
EndProject
Project("{FAE04EC0-301F-11D3-BF4B-00C04F79EFBC}") = "Karkas.Core.ElSql", "Karkas.Core.ElSql\Karkas.Core.ElSql.csproj", "{7FE851AE-6333-49F0-AFD1-0A30F30F0CEB}"
EndProject
Global
	GlobalSection(SolutionConfigurationPlatforms) = preSolution
		Debug|Any CPU = Debug|Any CPU
		Debug|Mixed Platforms = Debug|Mixed Platforms
		Debug|x86 = Debug|x86
		Release|Any CPU = Release|Any CPU
		Release|Mixed Platforms = Release|Mixed Platforms
		Release|x86 = Release|x86
	EndGlobalSection
	GlobalSection(ProjectConfigurationPlatforms) = postSolution
		{4451CDAC-F8E6-4AF8-AA4E-011A4792E915}.Debug|Any CPU.ActiveCfg = Debug|Any CPU
		{4451CDAC-F8E6-4AF8-AA4E-011A4792E915}.Debug|Any CPU.Build.0 = Debug|Any CPU
		{4451CDAC-F8E6-4AF8-AA4E-011A4792E915}.Debug|Mixed Platforms.ActiveCfg = Debug|Any CPU
		{4451CDAC-F8E6-4AF8-AA4E-011A4792E915}.Debug|Mixed Platforms.Build.0 = Debug|Any CPU
		{4451CDAC-F8E6-4AF8-AA4E-011A4792E915}.Debug|x86.ActiveCfg = Debug|Any CPU
		{4451CDAC-F8E6-4AF8-AA4E-011A4792E915}.Release|Any CPU.ActiveCfg = Release|Any CPU
		{4451CDAC-F8E6-4AF8-AA4E-011A4792E915}.Release|Any CPU.Build.0 = Release|Any CPU
		{4451CDAC-F8E6-4AF8-AA4E-011A4792E915}.Release|Mixed Platforms.ActiveCfg = Release|Any CPU
		{4451CDAC-F8E6-4AF8-AA4E-011A4792E915}.Release|Mixed Platforms.Build.0 = Release|Any CPU
		{4451CDAC-F8E6-4AF8-AA4E-011A4792E915}.Release|x86.ActiveCfg = Release|Any CPU
		{92A3FD0E-F64B-4F57-A69D-306874E7F2D8}.Debug|Any CPU.ActiveCfg = Debug|Any CPU
		{92A3FD0E-F64B-4F57-A69D-306874E7F2D8}.Debug|Any CPU.Build.0 = Debug|Any CPU
		{92A3FD0E-F64B-4F57-A69D-306874E7F2D8}.Debug|Mixed Platforms.ActiveCfg = Debug|Any CPU
		{92A3FD0E-F64B-4F57-A69D-306874E7F2D8}.Debug|Mixed Platforms.Build.0 = Debug|Any CPU
		{92A3FD0E-F64B-4F57-A69D-306874E7F2D8}.Debug|x86.ActiveCfg = Debug|Any CPU
		{92A3FD0E-F64B-4F57-A69D-306874E7F2D8}.Release|Any CPU.ActiveCfg = Release|Any CPU
		{92A3FD0E-F64B-4F57-A69D-306874E7F2D8}.Release|Any CPU.Build.0 = Release|Any CPU
		{92A3FD0E-F64B-4F57-A69D-306874E7F2D8}.Release|Mixed Platforms.ActiveCfg = Release|Any CPU
		{92A3FD0E-F64B-4F57-A69D-306874E7F2D8}.Release|Mixed Platforms.Build.0 = Release|Any CPU
		{92A3FD0E-F64B-4F57-A69D-306874E7F2D8}.Release|x86.ActiveCfg = Release|Any CPU
		{080B5FFC-3533-4414-B5DC-EBC39ED8CCF8}.Debug|Any CPU.ActiveCfg = Debug|Any CPU
		{080B5FFC-3533-4414-B5DC-EBC39ED8CCF8}.Debug|Any CPU.Build.0 = Debug|Any CPU
		{080B5FFC-3533-4414-B5DC-EBC39ED8CCF8}.Debug|Mixed Platforms.ActiveCfg = Debug|Any CPU
		{080B5FFC-3533-4414-B5DC-EBC39ED8CCF8}.Debug|Mixed Platforms.Build.0 = Debug|Any CPU
		{080B5FFC-3533-4414-B5DC-EBC39ED8CCF8}.Debug|x86.ActiveCfg = Debug|Any CPU
		{080B5FFC-3533-4414-B5DC-EBC39ED8CCF8}.Release|Any CPU.ActiveCfg = Release|Any CPU
		{080B5FFC-3533-4414-B5DC-EBC39ED8CCF8}.Release|Any CPU.Build.0 = Release|Any CPU
		{080B5FFC-3533-4414-B5DC-EBC39ED8CCF8}.Release|Mixed Platforms.ActiveCfg = Release|Any CPU
		{080B5FFC-3533-4414-B5DC-EBC39ED8CCF8}.Release|Mixed Platforms.Build.0 = Release|Any CPU
		{080B5FFC-3533-4414-B5DC-EBC39ED8CCF8}.Release|x86.ActiveCfg = Release|Any CPU
		{0B5C1C9A-E030-48D2-BE24-2548F56DA4B6}.Debug|Any CPU.ActiveCfg = Debug|Any CPU
		{0B5C1C9A-E030-48D2-BE24-2548F56DA4B6}.Debug|Any CPU.Build.0 = Debug|Any CPU
		{0B5C1C9A-E030-48D2-BE24-2548F56DA4B6}.Debug|Mixed Platforms.ActiveCfg = Debug|Any CPU
		{0B5C1C9A-E030-48D2-BE24-2548F56DA4B6}.Debug|Mixed Platforms.Build.0 = Debug|Any CPU
		{0B5C1C9A-E030-48D2-BE24-2548F56DA4B6}.Debug|x86.ActiveCfg = Debug|Any CPU
		{0B5C1C9A-E030-48D2-BE24-2548F56DA4B6}.Release|Any CPU.ActiveCfg = Release|Any CPU
		{0B5C1C9A-E030-48D2-BE24-2548F56DA4B6}.Release|Any CPU.Build.0 = Release|Any CPU
		{0B5C1C9A-E030-48D2-BE24-2548F56DA4B6}.Release|Mixed Platforms.ActiveCfg = Release|Any CPU
		{0B5C1C9A-E030-48D2-BE24-2548F56DA4B6}.Release|Mixed Platforms.Build.0 = Release|Any CPU
		{0B5C1C9A-E030-48D2-BE24-2548F56DA4B6}.Release|x86.ActiveCfg = Release|Any CPU
		{DDD39496-34F1-4226-AB9D-16463710C25C}.Debug|Any CPU.ActiveCfg = Debug|x86
		{DDD39496-34F1-4226-AB9D-16463710C25C}.Debug|Mixed Platforms.ActiveCfg = Debug|Any CPU
		{DDD39496-34F1-4226-AB9D-16463710C25C}.Debug|Mixed Platforms.Build.0 = Debug|Any CPU
		{DDD39496-34F1-4226-AB9D-16463710C25C}.Debug|x86.ActiveCfg = Debug|x86
		{DDD39496-34F1-4226-AB9D-16463710C25C}.Debug|x86.Build.0 = Debug|x86
		{DDD39496-34F1-4226-AB9D-16463710C25C}.Release|Any CPU.ActiveCfg = Release|x86
		{DDD39496-34F1-4226-AB9D-16463710C25C}.Release|Mixed Platforms.ActiveCfg = Release|x86
		{DDD39496-34F1-4226-AB9D-16463710C25C}.Release|Mixed Platforms.Build.0 = Release|x86
		{DDD39496-34F1-4226-AB9D-16463710C25C}.Release|x86.ActiveCfg = Release|x86
		{DDD39496-34F1-4226-AB9D-16463710C25C}.Release|x86.Build.0 = Release|x86
		{436CFC68-2031-4780-9C32-673EBE55D617}.Debug|Any CPU.ActiveCfg = Debug|Any CPU
		{436CFC68-2031-4780-9C32-673EBE55D617}.Debug|Any CPU.Build.0 = Debug|Any CPU
		{436CFC68-2031-4780-9C32-673EBE55D617}.Debug|Mixed Platforms.ActiveCfg = Debug|Any CPU
		{436CFC68-2031-4780-9C32-673EBE55D617}.Debug|Mixed Platforms.Build.0 = Debug|Any CPU
		{436CFC68-2031-4780-9C32-673EBE55D617}.Debug|x86.ActiveCfg = Debug|Any CPU
		{436CFC68-2031-4780-9C32-673EBE55D617}.Release|Any CPU.ActiveCfg = Release|Any CPU
		{436CFC68-2031-4780-9C32-673EBE55D617}.Release|Any CPU.Build.0 = Release|Any CPU
		{436CFC68-2031-4780-9C32-673EBE55D617}.Release|Mixed Platforms.ActiveCfg = Release|Any CPU
		{436CFC68-2031-4780-9C32-673EBE55D617}.Release|Mixed Platforms.Build.0 = Release|Any CPU
		{436CFC68-2031-4780-9C32-673EBE55D617}.Release|x86.ActiveCfg = Release|Any CPU
		{7FE851AE-6333-49F0-AFD1-0A30F30F0CEB}.Debug|Any CPU.ActiveCfg = Debug|Any CPU
		{7FE851AE-6333-49F0-AFD1-0A30F30F0CEB}.Debug|Any CPU.Build.0 = Debug|Any CPU
		{7FE851AE-6333-49F0-AFD1-0A30F30F0CEB}.Debug|Mixed Platforms.ActiveCfg = Debug|Any CPU
		{7FE851AE-6333-49F0-AFD1-0A30F30F0CEB}.Debug|Mixed Platforms.Build.0 = Debug|Any CPU
		{7FE851AE-6333-49F0-AFD1-0A30F30F0CEB}.Debug|x86.ActiveCfg = Debug|Any CPU
		{7FE851AE-6333-49F0-AFD1-0A30F30F0CEB}.Release|Any CPU.ActiveCfg = Release|Any CPU
		{7FE851AE-6333-49F0-AFD1-0A30F30F0CEB}.Release|Any CPU.Build.0 = Release|Any CPU
		{7FE851AE-6333-49F0-AFD1-0A30F30F0CEB}.Release|Mixed Platforms.ActiveCfg = Release|Any CPU
		{7FE851AE-6333-49F0-AFD1-0A30F30F0CEB}.Release|Mixed Platforms.Build.0 = Release|Any CPU
		{7FE851AE-6333-49F0-AFD1-0A30F30F0CEB}.Release|x86.ActiveCfg = Release|Any CPU
	EndGlobalSection
	GlobalSection(SolutionProperties) = preSolution
		HideSolutionNode = FALSE
	EndGlobalSection
	GlobalSection(NestedProjects) = preSolution
		{DDD39496-34F1-4226-AB9D-16463710C25C} = {B29F902E-A3C4-4C20-B325-70A97E219402}
		{436CFC68-2031-4780-9C32-673EBE55D617} = {B29F902E-A3C4-4C20-B325-70A97E219402}
		{92A3FD0E-F64B-4F57-A69D-306874E7F2D8} = {B29F902E-A3C4-4C20-B325-70A97E219402}
		{080B5FFC-3533-4414-B5DC-EBC39ED8CCF8} = {F75495F1-ED01-4C46-BF28-A4B951258A66}
		{0B5C1C9A-E030-48D2-BE24-2548F56DA4B6} = {A9C8DC35-6599-4276-B0C5-1C96023E9CBF}
	EndGlobalSection
EndGlobal
