
Microsoft Visual Studio Solution File, Format Version 12.00
# Visual Studio Version 17
VisualStudioVersion = 17.0.32002.185
MinimumVisualStudioVersion = 10.0.40219.1
Project("{9A19103F-16F7-4668-BE54-9A1E7A4F7556}") = "Karkas.Core.Utility", "Karkas.Core.Utility\Karkas.Core.Utility.csproj", "{BD9546AB-2305-495D-BC98-C33EC06F9E3A}"
EndProject
Project("{FAE04EC0-301F-11D3-BF4B-00C04F79EFBC}") = "Karkas.Core.DataUtil", "Karkas.Core.DataUtil\Karkas.Core.DataUtil.csproj", "{70BE1E58-2D5E-4A47-AF62-30E90E5C978A}"
EndProject
Project("{FAE04EC0-301F-11D3-BF4B-00C04F79EFBC}") = "Karkas.Core.ExtensionsMethods", "Karkas.Core.ExtensionsMethods\Karkas.Core.ExtensionsMethods.csproj", "{56C267AA-A885-4FF7-ADB9-9478AD486811}"
EndProject
Global
	GlobalSection(SolutionConfigurationPlatforms) = preSolution
		Debug|Any CPU = Debug|Any CPU
		Release|Any CPU = Release|Any CPU
	EndGlobalSection
	GlobalSection(ProjectConfigurationPlatforms) = postSolution
		{BD9546AB-2305-495D-BC98-C33EC06F9E3A}.Debug|Any CPU.ActiveCfg = Debug|Any CPU
		{BD9546AB-2305-495D-BC98-C33EC06F9E3A}.Debug|Any CPU.Build.0 = Debug|Any CPU
		{BD9546AB-2305-495D-BC98-C33EC06F9E3A}.Release|Any CPU.ActiveCfg = Release|Any CPU
		{BD9546AB-2305-495D-BC98-C33EC06F9E3A}.Release|Any CPU.Build.0 = Release|Any CPU
		{70BE1E58-2D5E-4A47-AF62-30E90E5C978A}.Debug|Any CPU.ActiveCfg = Debug|Any CPU
		{70BE1E58-2D5E-4A47-AF62-30E90E5C978A}.Debug|Any CPU.Build.0 = Debug|Any CPU
		{70BE1E58-2D5E-4A47-AF62-30E90E5C978A}.Release|Any CPU.ActiveCfg = Release|Any CPU
		{70BE1E58-2D5E-4A47-AF62-30E90E5C978A}.Release|Any CPU.Build.0 = Release|Any CPU
		{56C267AA-A885-4FF7-ADB9-9478AD486811}.Debug|Any CPU.ActiveCfg = Debug|Any CPU
		{56C267AA-A885-4FF7-ADB9-9478AD486811}.Debug|Any CPU.Build.0 = Debug|Any CPU
		{56C267AA-A885-4FF7-ADB9-9478AD486811}.Release|Any CPU.ActiveCfg = Release|Any CPU
		{56C267AA-A885-4FF7-ADB9-9478AD486811}.Release|Any CPU.Build.0 = Release|Any CPU
	EndGlobalSection
	GlobalSection(SolutionProperties) = preSolution
		HideSolutionNode = FALSE
	EndGlobalSection
	GlobalSection(ExtensibilityGlobals) = postSolution
		SolutionGuid = {99AA2444-1453-4517-8FEB-F1B9350A401F}
	EndGlobalSection
EndGlobal
